
Microsoft Visual Studio Solution File, Format Version 12.00
# Visual Studio 15
VisualStudioVersion = 15.0.28307.106
MinimumVisualStudioVersion = 10.0.40219.1
Project("{FAE04EC0-301F-11D3-BF4B-00C04F79EFBC}") = "Eight Puzzle Game", "Eight Puzzle Game\Eight Puzzle Game.csproj", "{777BD158-8B44-41A6-B854-20A8AA8E2CD8}"
EndProject
Global
	GlobalSection(SolutionConfigurationPlatforms) = preSolution
		Debug|Any CPU = Debug|Any CPU
		Release|Any CPU = Release|Any CPU
	EndGlobalSection
	GlobalSection(ProjectConfigurationPlatforms) = postSolution
		{777BD158-8B44-41A6-B854-20A8AA8E2CD8}.Debug|Any CPU.ActiveCfg = Debug|Any CPU
		{777BD158-8B44-41A6-B854-20A8AA8E2CD8}.Debug|Any CPU.Build.0 = Debug|Any CPU
		{777BD158-8B44-41A6-B854-20A8AA8E2CD8}.Release|Any CPU.ActiveCfg = Release|Any CPU
		{777BD158-8B44-41A6-B854-20A8AA8E2CD8}.Release|Any CPU.Build.0 = Release|Any CPU
	EndGlobalSection
	GlobalSection(SolutionProperties) = preSolution
		HideSolutionNode = FALSE
	EndGlobalSection
	GlobalSection(ExtensibilityGlobals) = postSolution
		SolutionGuid = {327591D5-5CBC-475D-BF6F-0A88202A2AA5}
	EndGlobalSection
EndGlobal
